
Microsoft Visual Studio Solution File, Format Version 12.00
# Visual Studio Version 17
VisualStudioVersion = 17.5.33424.131
MinimumVisualStudioVersion = 10.0.40219.1
Project("{FAE04EC0-301F-11D3-BF4B-00C04F79EFBC}") = "Anneme_Holzhausen_ST10144453_Prog_POE", "Anneme_Holzhausen_ST10144453_Prog_POE\Anneme_Holzhausen_ST10144453_Prog_POE.csproj", "{AE4647F3-055A-4D5C-8523-D895C9E22536}"
EndProject
Global
	GlobalSection(SolutionConfigurationPlatforms) = preSolution
		Debug|Any CPU = Debug|Any CPU
		Release|Any CPU = Release|Any CPU
	EndGlobalSection
	GlobalSection(ProjectConfigurationPlatforms) = postSolution
		{AE4647F3-055A-4D5C-8523-D895C9E22536}.Debug|Any CPU.ActiveCfg = Debug|Any CPU
		{AE4647F3-055A-4D5C-8523-D895C9E22536}.Debug|Any CPU.Build.0 = Debug|Any CPU
		{AE4647F3-055A-4D5C-8523-D895C9E22536}.Release|Any CPU.ActiveCfg = Release|Any CPU
		{AE4647F3-055A-4D5C-8523-D895C9E22536}.Release|Any CPU.Build.0 = Release|Any CPU
	EndGlobalSection
	GlobalSection(SolutionProperties) = preSolution
		HideSolutionNode = FALSE
	EndGlobalSection
	GlobalSection(ExtensibilityGlobals) = postSolution
		SolutionGuid = {6D9FFC9C-04B5-4DCE-B889-3E540AC4F94B}
	EndGlobalSection
EndGlobal
